
Microsoft Visual Studio Solution File, Format Version 12.00
# Visual Studio Version 17
VisualStudioVersion = 17.5.002.0
MinimumVisualStudioVersion = 10.0.40219.1
Project("{9A19103F-16F7-4668-BE54-9A1E7A4F7556}") = "CrudWithAuth", "CrudWithAuth.csproj", "{338BF05D-6EB8-4E0F-A896-127FE0A2E0A5}"
EndProject
Global
	GlobalSection(SolutionConfigurationPlatforms) = preSolution
		Debug|Any CPU = Debug|Any CPU
		Release|Any CPU = Release|Any CPU
	EndGlobalSection
	GlobalSection(ProjectConfigurationPlatforms) = postSolution
		{338BF05D-6EB8-4E0F-A896-127FE0A2E0A5}.Debug|Any CPU.ActiveCfg = Debug|Any CPU
		{338BF05D-6EB8-4E0F-A896-127FE0A2E0A5}.Debug|Any CPU.Build.0 = Debug|Any CPU
		{338BF05D-6EB8-4E0F-A896-127FE0A2E0A5}.Release|Any CPU.ActiveCfg = Release|Any CPU
		{338BF05D-6EB8-4E0F-A896-127FE0A2E0A5}.Release|Any CPU.Build.0 = Release|Any CPU
	EndGlobalSection
	GlobalSection(SolutionProperties) = preSolution
		HideSolutionNode = FALSE
	EndGlobalSection
	GlobalSection(ExtensibilityGlobals) = postSolution
		SolutionGuid = {E94B5CBD-E7BB-41DF-B4AB-E9FC64C9C2CD}
	EndGlobalSection
EndGlobal
